
Microsoft Visual Studio Solution File, Format Version 12.00
# Visual Studio Version 17
VisualStudioVersion = 17.11.35303.130
MinimumVisualStudioVersion = 10.0.40219.1
Project("{9A19103F-16F7-4668-BE54-9A1E7A4F7556}") = "Codemancer.Extensions.Couchbase.Lite", "src\Extensions.Couchbase.Lite\Codemancer.Extensions.Couchbase.Lite.csproj", "{A2D0BB73-3861-4030-9FE1-4CDF8764E801}"
EndProject
Project("{9A19103F-16F7-4668-BE54-9A1E7A4F7556}") = "Codemancer.Extensions.Couchbase.Lite.UnitTests", "tests\Extensions.Couchbase.Lite.UnitTests\Codemancer.Extensions.Couchbase.Lite.UnitTests.csproj", "{6A2D67F6-AEDA-412D-AC88-781BADD1BD15}"
EndProject
Project("{9A19103F-16F7-4668-BE54-9A1E7A4F7556}") = "Codemancer.Extensions.Couchbase.Lite.IntegrationTests", "tests\Codemancer.Extensions.Couchbase.Lite.IntegrationTests\Codemancer.Extensions.Couchbase.Lite.IntegrationTests.csproj", "{B1064F4E-1D53-4A56-B9AF-965200360870}"
EndProject
Project("{FAE04EC0-301F-11D3-BF4B-00C04F79EFBC}") = "Codemancer.Sample.ConsoleApp", "sample\clients\Codemancer.Sample.ConsoleApp\Codemancer.Sample.ConsoleApp.csproj", "{20E9D5A6-DE41-4D57-BCBF-4C374C769682}"
EndProject
Global
	GlobalSection(SolutionConfigurationPlatforms) = preSolution
		Debug|Any CPU = Debug|Any CPU
		Release|Any CPU = Release|Any CPU
	EndGlobalSection
	GlobalSection(ProjectConfigurationPlatforms) = postSolution
		{A2D0BB73-3861-4030-9FE1-4CDF8764E801}.Debug|Any CPU.ActiveCfg = Debug|Any CPU
		{A2D0BB73-3861-4030-9FE1-4CDF8764E801}.Debug|Any CPU.Build.0 = Debug|Any CPU
		{A2D0BB73-3861-4030-9FE1-4CDF8764E801}.Release|Any CPU.ActiveCfg = Release|Any CPU
		{A2D0BB73-3861-4030-9FE1-4CDF8764E801}.Release|Any CPU.Build.0 = Release|Any CPU
		{6A2D67F6-AEDA-412D-AC88-781BADD1BD15}.Debug|Any CPU.ActiveCfg = Debug|Any CPU
		{6A2D67F6-AEDA-412D-AC88-781BADD1BD15}.Debug|Any CPU.Build.0 = Debug|Any CPU
		{6A2D67F6-AEDA-412D-AC88-781BADD1BD15}.Release|Any CPU.ActiveCfg = Release|Any CPU
		{6A2D67F6-AEDA-412D-AC88-781BADD1BD15}.Release|Any CPU.Build.0 = Release|Any CPU
		{B1064F4E-1D53-4A56-B9AF-965200360870}.Debug|Any CPU.ActiveCfg = Debug|Any CPU
		{B1064F4E-1D53-4A56-B9AF-965200360870}.Debug|Any CPU.Build.0 = Debug|Any CPU
		{B1064F4E-1D53-4A56-B9AF-965200360870}.Release|Any CPU.ActiveCfg = Release|Any CPU
		{B1064F4E-1D53-4A56-B9AF-965200360870}.Release|Any CPU.Build.0 = Release|Any CPU
		{20E9D5A6-DE41-4D57-BCBF-4C374C769682}.Debug|Any CPU.ActiveCfg = Debug|Any CPU
		{20E9D5A6-DE41-4D57-BCBF-4C374C769682}.Debug|Any CPU.Build.0 = Debug|Any CPU
		{20E9D5A6-DE41-4D57-BCBF-4C374C769682}.Release|Any CPU.ActiveCfg = Release|Any CPU
		{20E9D5A6-DE41-4D57-BCBF-4C374C769682}.Release|Any CPU.Build.0 = Release|Any CPU
	EndGlobalSection
	GlobalSection(SolutionProperties) = preSolution
		HideSolutionNode = FALSE
	EndGlobalSection
	GlobalSection(ExtensibilityGlobals) = postSolution
		SolutionGuid = {2E72D43F-E851-4EB8-9119-2BEA565FE558}
	EndGlobalSection
EndGlobal
